
Microsoft Visual Studio Solution File, Format Version 12.00
# Visual Studio Version 17
VisualStudioVersion = 17.2.32616.157
MinimumVisualStudioVersion = 10.0.40219.1
Project("{FAE04EC0-301F-11D3-BF4B-00C04F79EFBC}") = "YouTubeDownDlp", "YouTubeDownDlp\YouTubeDownDlp.csproj", "{424688C0-8122-41BB-AE55-28CD6477159F}"
EndProject
Global
	GlobalSection(SolutionConfigurationPlatforms) = preSolution
		Debug|Any CPU = Debug|Any CPU
		Release|Any CPU = Release|Any CPU
	EndGlobalSection
	GlobalSection(ProjectConfigurationPlatforms) = postSolution
		{424688C0-8122-41BB-AE55-28CD6477159F}.Debug|Any CPU.ActiveCfg = Debug|Any CPU
		{424688C0-8122-41BB-AE55-28CD6477159F}.Debug|Any CPU.Build.0 = Debug|Any CPU
		{424688C0-8122-41BB-AE55-28CD6477159F}.Release|Any CPU.ActiveCfg = Release|Any CPU
		{424688C0-8122-41BB-AE55-28CD6477159F}.Release|Any CPU.Build.0 = Release|Any CPU
	EndGlobalSection
	GlobalSection(SolutionProperties) = preSolution
		HideSolutionNode = FALSE
	EndGlobalSection
	GlobalSection(ExtensibilityGlobals) = postSolution
		SolutionGuid = {BB287870-2B81-453A-8633-6698FDCB22E0}
	EndGlobalSection
EndGlobal
